Microsoft Visual Studio Solution File, Format Version 12.00
# Visual Studio Version 17
VisualStudioVersion = 17.0.31903.59
MinimumVisualStudioVersion = 10.0.40219.1
Project("{9A19103F-16F7-4668-BE54-9A1E7A4F7556}") = "GitHubWebhookFunction", "Func\GitHubWebhookFunction.csproj", "{0E60CCB8-1AE3-0072-0CA8-2B7559B40D75}"
EndProject
Project("{FAE04EC0-301F-11D3-BF4B-00C04F79EFBC}") = "Aspire.AppHost", "Aspire.AppHost\Aspire.AppHost.csproj", "{C4C07A5A-0969-4422-956C-2E75E5795943}"
EndProject
Project("{FAE04EC0-301F-11D3-BF4B-00C04F79EFBC}") = "Aspire.ServiceDefaults", "Aspire.ServiceDefaults\Aspire.ServiceDefaults.csproj", "{90640AB5-B40F-EB9A-9160-59682C5D022E}"
EndProject
Project("{2150E333-8FDC-42A3-9474-1A3956D46DE8}") = "Solution Items", "Solution Items", "{8EC462FD-D22E-90A8-E5CE-7E832BA40C5D}"
	ProjectSection(SolutionItems) = preProject
		Directory.Packages.props = Directory.Packages.props
	EndProjectSection
EndProject
Global
	GlobalSection(SolutionConfigurationPlatforms) = preSolution
		Debug|Any CPU = Debug|Any CPU
		Release|Any CPU = Release|Any CPU
	EndGlobalSection
	GlobalSection(ProjectConfigurationPlatforms) = postSolution
		{0E60CCB8-1AE3-0072-0CA8-2B7559B40D75}.Debug|Any CPU.ActiveCfg = Debug|Any CPU
		{0E60CCB8-1AE3-0072-0CA8-2B7559B40D75}.Debug|Any CPU.Build.0 = Debug|Any CPU
		{0E60CCB8-1AE3-0072-0CA8-2B7559B40D75}.Release|Any CPU.ActiveCfg = Release|Any CPU
		{0E60CCB8-1AE3-0072-0CA8-2B7559B40D75}.Release|Any CPU.Build.0 = Release|Any CPU
		{C4C07A5A-0969-4422-956C-2E75E5795943}.Debug|Any CPU.ActiveCfg = Debug|Any CPU
		{C4C07A5A-0969-4422-956C-2E75E5795943}.Debug|Any CPU.Build.0 = Debug|Any CPU
		{C4C07A5A-0969-4422-956C-2E75E5795943}.Release|Any CPU.ActiveCfg = Release|Any CPU
		{C4C07A5A-0969-4422-956C-2E75E5795943}.Release|Any CPU.Build.0 = Release|Any CPU
		{90640AB5-B40F-EB9A-9160-59682C5D022E}.Debug|Any CPU.ActiveCfg = Debug|Any CPU
		{90640AB5-B40F-EB9A-9160-59682C5D022E}.Debug|Any CPU.Build.0 = Debug|Any CPU
		{90640AB5-B40F-EB9A-9160-59682C5D022E}.Release|Any CPU.ActiveCfg = Release|Any CPU
		{90640AB5-B40F-EB9A-9160-59682C5D022E}.Release|Any CPU.Build.0 = Release|Any CPU
	EndGlobalSection
	GlobalSection(SolutionProperties) = preSolution
		HideSolutionNode = FALSE
	EndGlobalSection
	GlobalSection(ExtensibilityGlobals) = postSolution
		SolutionGuid = {E31F16AC-0259-4595-A840-82DAD683DFB9}
	EndGlobalSection
EndGlobal
